// !$*UTF8*$!
{
	archiveVersion = 1;
	classes = {
	};
	objectVersion = 46;
	objects = {

/* Begin PBXBuildFile section */
		EF5DA0981589529F00C179CF /* UIKit.framework in Frameworks */ = {isa = PBXBuildFile; fileRef = EF5DA0971589529F00C179CF /* UIKit.framework */; };
		EF5DA09A1589529F00C179CF /* Foundation.framework in Frameworks */ = {isa = PBXBuildFile; fileRef = EF5DA0991589529F00C179CF /* Foundation.framework */; };
		EF5DA09C1589529F00C179CF /* CoreGraphics.framework in Frameworks */ = {isa = PBXBuildFile; fileRef = EF5DA09B1589529F00C179CF /* CoreGraphics.framework */; };
		EF5DA0A21589529F00C179CF /* InfoPlist.strings in Resources */ = {isa = PBXBuildFile; fileRef = EF5DA0A01589529F00C179CF /* InfoPlist.strings */; };
		EF5DA0A41589529F00C179CF /* main.m in Sources */ = {isa = PBXBuildFile; fileRef = EF5DA0A31589529F00C179CF /* main.m */; };
		EF5DA0A81589529F00C179CF /* RPAppDelegate.m in Sources */ = {isa = PBXBuildFile; fileRef = EF5DA0A71589529F00C179CF /* RPAppDelegate.m */; };
		EF5DA0AB1589529F00C179CF /* MainStoryboard_iPhone.storyboard in Resources */ = {isa = PBXBuildFile; fileRef = EF5DA0A91589529F00C179CF /* MainStoryboard_iPhone.storyboard */; };
		EF5DA0AE1589529F00C179CF /* MainStoryboard_iPad.storyboard in Resources */ = {isa = PBXBuildFile; fileRef = EF5DA0AC1589529F00C179CF /* MainStoryboard_iPad.storyboard */; };
		EF5DA0B11589529F00C179CF /* RPViewController.m in Sources */ = {isa = PBXBuildFile; fileRef = EF5DA0B01589529F00C179CF /* RPViewController.m */; };
/* End PBXBuildFile section */

/* Begin PBXFileReference section */
		EF5DA0931589529F00C179CF /* UIGestures.app */ = {isa = PBXFileReference; explicitFileType = wrapper.application; includeInIndex = 0; path = UIGestures.app; sourceTree = BUILT_PRODUCTS_DIR; };
		EF5DA0971589529F00C179CF /* UIKit.framework */ = {isa = PBXFileReference; lastKnownFileType = wrapper.framework; name = UIKit.framework; path = System/Library/Frameworks/UIKit.framework; sourceTree = SDKROOT; };
		EF5DA0991589529F00C179CF /* Foundation.framework */ = {isa = PBXFileReference; lastKnownFileType = wrapper.framework; name = Foundation.framework; path = System/Library/Frameworks/Foundation.framework; sourceTree = SDKROOT; };
		EF5DA09B1589529F00C179CF /* CoreGraphics.framework */ = {isa = PBXFileReference; lastKnownFileType = wrapper.framework; name = CoreGraphics.framework; path = System/Library/Frameworks/CoreGraphics.framework; sourceTree = SDKROOT; };
		EF5DA09F1589529F00C179CF /* UIGestures-Info.plist */ = {isa = PBXFileReference; path = "UIGestures-Info.plist"; sourceTree = "<group>"; };
		EF5DA0A11589529F00C179CF /* en */ = {isa = PBXFileReference; lastKnownFileType = text.plist.strings; name = en; path = en.lproj/InfoPlist.strings; sourceTree = "<group>"; };
		EF5DA0A31589529F00C179CF /* main.m */ = {isa = PBXFileReference; lastKnownFileType = sourcecode.c.objc; path = main.m; sourceTree = "<group>"; };
		EF5DA0A51589529F00C179CF /* UIGestures-Prefix.pch */ = {isa = PBXFileReference; path = "UIGestures-Prefix.pch"; sourceTree = "<group>"; };
		EF5DA0A61589529F00C179CF /* RPAppDelegate.h */ = {isa = PBXFileReference; path = RPAppDelegate.h; sourceTree = "<group>"; };
		EF5DA0A71589529F00C179CF /* RPAppDelegate.m */ = {isa = PBXFileReference; lastKnownFileType = sourcecode.c.objc; path = RPAppDelegate.m; sourceTree = "<group>"; };
		EF5DA0AA1589529F00C179CF /* en */ = {isa = PBXFileReference; lastKnownFileType = file.storyboard; name = en; path = en.lproj/MainStoryboard_iPhone.storyboard; sourceTree = "<group>"; };
		EF5DA0AD1589529F00C179CF /* en */ = {isa = PBXFileReference; lastKnownFileType = file.storyboard; name = en; path = en.lproj/MainStoryboard_iPad.storyboard; sourceTree = "<group>"; };
		EF5DA0AF1589529F00C179CF /* RPViewController.h */ = {isa = PBXFileReference; path = RPViewController.h; sourceTree = "<group>"; };
		EF5DA0B01589529F00C179CF /* RPViewController.m */ = {isa = PBXFileReference; lastKnownFileType = sourcecode.c.objc; path = RPViewController.m; sourceTree = "<group>"; };
/* End PBXFileReference section */

/* Begin PBXFrameworksBuildPhase section */
		EF5DA0901589529F00C179CF /* Frameworks */ = {
			isa = PBXFrameworksBuildPhase;
			buildActionMask = 2147483647;
			files = (
				EF5DA0981589529F00C179CF /* UIKit.framework in Frameworks */,
				EF5DA09A1589529F00C179CF /* Foundation.framework in Frameworks */,
				EF5DA09C1589529F00C179CF /* CoreGraphics.framework in Frameworks */,
			);
			runOnlyForDeploymentPostprocessing = 0;
		};
/* End PBXFrameworksBuildPhase section */

/* Begin PBXGroup section */
		EF5DA0881589529F00C179CF = {
			isa = PBXGroup;
			children = (
				EF5DA09D1589529F00C179CF /* UIGestures */,
				EF5DA0961589529F00C179CF /* Frameworks */,
				EF5DA0941589529F00C179CF /* Products */,
			);
			sourceTree = "<group>";
		};
		EF5DA0941589529F00C179CF /* Products */ = {
			isa = PBXGroup;
			children = (
				EF5DA0931589529F00C179CF /* UIGestures.app */,
			);
			name = Products;
			sourceTree = "<group>";
		};
		EF5DA0961589529F00C179CF /* Frameworks */ = {
			isa = PBXGroup;
			children = (
				EF5DA0971589529F00C179CF /* UIKit.framework */,
				EF5DA0991589529F00C179CF /* Foundation.framework */,
				EF5DA09B1589529F00C179CF /* CoreGraphics.framework */,
			);
			name = Frameworks;
			sourceTree = "<group>";
		};
		EF5DA09D1589529F00C179CF /* UIGestures */ = {
			isa = PBXGroup;
			children = (
				EF5DA0A61589529F00C179CF /* RPAppDelegate.h */,
				EF5DA0A71589529F00C179CF /* RPAppDelegate.m */,
				EF5DA0A91589529F00C179CF /* MainStoryboard_iPhone.storyboard */,
				EF5DA0AC1589529F00C179CF /* MainStoryboard_iPad.storyboard */,
				EF5DA0AF1589529F00C179CF /* RPViewController.h */,
				EF5DA0B01589529F00C179CF /* RPViewController.m */,
				EF5DA09E1589529F00C179CF /* Supporting Files */,
			);
			path = UIGestures;
			sourceTree = "<group>";
		};
		EF5DA09E1589529F00C179CF /* Supporting Files */ = {
			isa = PBXGroup;
			children = (
				EF5DA09F1589529F00C179CF /* UIGestures-Info.plist */,
				EF5DA0A01589529F00C179CF /* InfoPlist.strings */,
				EF5DA0A31589529F00C179CF /* main.m */,
				EF5DA0A51589529F00C179CF /* UIGestures-Prefix.pch */,
			);
			name = "Supporting Files";
			sourceTree = "<group>";
		};
/* End PBXGroup section */

/* Begin PBXNativeTarget section */
		EF5DA0921589529F00C179CF /* UIGestures */ = {
			isa = PBXNativeTarget;
			buildConfigurationList = EF5DA0B41589529F00C179CF /* Build configuration list for PBXNativeTarget "UIGestures" */;
			buildPhases = (
				EF5DA08F1589529F00C179CF /* Sources */,
				EF5DA0901589529F00C179CF /* Frameworks */,
				EF5DA0911589529F00C179CF /* Resources */,
			);
			buildRules = (
			);
			dependencies = (
			);
			name = UIGestures;
			productName = UIGestures;
			productReference = EF5DA0931589529F00C179CF /* UIGestures.app */;
			productType = "com.apple.product-type.application";
		};
/* End PBXNativeTarget section */

/* Begin PBXProject section */
		EF5DA08A1589529F00C179CF /* Project object */ = {
			isa = PBXProject;
			attributes = {
				CLASSPREFIX = RP;
				LastUpgradeCheck = 0430;
				ORGANIZATIONNAME = "Frozen Fire Studios";
			};
			buildConfigurationList = EF5DA08D1589529F00C179CF /* Build configuration list for PBXProject "UIGestures" */;
			compatibilityVersion = "Xcode 3.2";
			developmentRegion = English;
			hasScannedForEncodings = 0;
			knownRegions = (
				en,
			);
			mainGroup = EF5DA0881589529F00C179CF;
			productRefGroup = EF5DA0941589529F00C179CF /* Products */;
			projectDirPath = "";
			projectRoot = "";
			targets = (
				EF5DA0921589529F00C179CF /* UIGestures */,
			);
		};
/* End PBXProject section */

/* Begin PBXResourcesBuildPhase section */
		EF5DA0911589529F00C179CF /* Resources */ = {
			isa = PBXResourcesBuildPhase;
			buildActionMask = 2147483647;
			files = (
				EF5DA0A21589529F00C179CF /* InfoPlist.strings in Resources */,
				EF5DA0AB1589529F00C179CF /* MainStoryboard_iPhone.storyboard in Resources */,
				EF5DA0AE1589529F00C179CF /* MainStoryboard_iPad.storyboard in Resources */,
			);
			runOnlyForDeploymentPostprocessing = 0;
		};
/* End PBXResourcesBuildPhase section */

/* Begin PBXSourcesBuildPhase section */
		EF5DA08F1589529F00C179CF /* Sources */ = {
			isa = PBXSourcesBuildPhase;
			buildActionMask = 2147483647;
			files = (
				EF5DA0A41589529F00C179CF /* main.m in Sources */,
				EF5DA0A81589529F00C179CF /* RPAppDelegate.m in Sources */,
				EF5DA0B11589529F00C179CF /* RPViewController.m in Sources */,
			);
			runOnlyForDeploymentPostprocessing = 0;
		};
/* End PBXSourcesBuildPhase section */

/* Begin PBXVariantGroup section */
		EF5DA0A01589529F00C179CF /* InfoPlist.strings */ = {
			isa = PBXVariantGroup;
			children = (
				EF5DA0A11589529F00C179CF /* en */,
			);
			name = InfoPlist.strings;
			sourceTree = "<group>";
		};
		EF5DA0A91589529F00C179CF /* MainStoryboard_iPhone.storyboard */ = {
			isa = PBXVariantGroup;
			children = (
				EF5DA0AA1589529F00C179CF /* en */,
			);
			name = MainStoryboard_iPhone.storyboard;
			sourceTree = "<group>";
		};
		EF5DA0AC1589529F00C179CF /* MainStoryboard_iPad.storyboard */ = {
			isa = PBXVariantGroup;
			children = (
				EF5DA0AD1589529F00C179CF /* en */,
			);
			name = MainStoryboard_iPad.storyboard;
			sourceTree = "<group>";
		};
/* End PBXVariantGroup section */

/* Begin XCBuildConfiguration section */
		EF5DA0B21589529F00C179CF /* Debug */ = {
			isa = XCBuildConfiguration;
			buildSettings = {
				ALWAYS_SEARCH_USER_PATHS = NO;
				ARCHS = "$(ARCHS_STANDARD_32_BIT)";
				CLANG_ENABLE_OBJC_ARC = YES;
				"CODE_SIGN_IDENTITY[sdk=iphoneos*]" = "iPhone Developer";
				COPY_PHASE_STRIP = NO;
				GCC_C_LANGUAGE_STANDARD = gnu99;
				GCC_DYNAMIC_NO_PIC = NO;
				GCC_OPTIMIZATION_LEVEL = 0;
				GCC_PREPROCESSOR_DEFINITIONS = (
					"DEBUG=1",
					"$(inherited)",
				);
				GCC_SYMBOLS_PRIVATE_EXTERN = NO;
				GCC_VERSION = com.apple.compilers.llvm.clang.1_0;
				GCC_WARN_ABOUT_RETURN_TYPE = YES;
				GCC_WARN_UNINITIALIZED_AUTOS = YES;
				GCC_WARN_UNUSED_VARIABLE = YES;
				IPHONEOS_DEPLOYMENT_TARGET = 5.1;
				SDKROOT = iphoneos;
				TARGETED_DEVICE_FAMILY = "1,2";
			};
			name = Debug;
		};
		EF5DA0B31589529F00C179CF /* Release */ = {
			isa = XCBuildConfiguration;
			buildSettings = {
				ALWAYS_SEARCH_USER_PATHS = NO;
				ARCHS = "$(ARCHS_STANDARD_32_BIT)";
				CLANG_ENABLE_OBJC_ARC = YES;
				"CODE_SIGN_IDENTITY[sdk=iphoneos*]" = "iPhone Developer";
				COPY_PHASE_STRIP = YES;
				GCC_C_LANGUAGE_STANDARD = gnu99;
				GCC_VERSION = com.apple.compilers.llvm.clang.1_0;
				GCC_WARN_ABOUT_RETURN_TYPE = YES;
				GCC_WARN_UNINITIALIZED_AUTOS = YES;
				GCC_WARN_UNUSED_VARIABLE = YES;
				IPHONEOS_DEPLOYMENT_TARGET = 5.1;
				OTHER_CFLAGS = "-DNS_BLOCK_ASSERTIONS=1";
				SDKROOT = iphoneos;
				TARGETED_DEVICE_FAMILY = "1,2";
				VALIDATE_PRODUCT = YES;
			};
			name = Release;
		};
		EF5DA0B51589529F00C179CF /* Debug */ = {
			isa = XCBuildConfiguration;
			buildSettings = {
				GCC_PRECOMPILE_PREFIX_HEADER = YES;
				GCC_PREFIX_HEADER = "UIGestures/UIGestures-Prefix.pch";
				INFOPLIST_FILE = "UIGestures/UIGestures-Info.plist";
				PRODUCT_NAME = "$(TARGET_NAME)";
				WRAPPER_EXTENSION = app;
			};
			name = Debug;
		};
		EF5DA0B61589529F00C179CF /* Release */ = {
			isa = XCBuildConfiguration;
			buildSettings = {
				GCC_PRECOMPILE_PREFIX_HEADER = YES;
				GCC_PREFIX_HEADER = "UIGestures/UIGestures-Prefix.pch";
				INFOPLIST_FILE = "UIGestures/UIGestures-Info.plist";
				PRODUCT_NAME = "$(TARGET_NAME)";
				WRAPPER_EXTENSION = app;
			};
			name = Release;
		};
/* End XCBuildConfiguration section */

/* Begin XCConfigurationList section */
		EF5DA08D1589529F00C179CF /* Build configuration list for PBXProject "UIGestures" */ = {
			isa = XCConfigurationList;
			buildConfigurations = (
				EF5DA0B21589529F00C179CF /* Debug */,
				EF5DA0B31589529F00C179CF /* Release */,
			);
			defaultConfigurationIsVisible = 0;
			defaultConfigurationName = Release;
		};
		EF5DA0B41589529F00C179CF /* Build configuration list for PBXNativeTarget "UIGestures" */ = {
			isa = XCConfigurationList;
			buildConfigurations = (
				EF5DA0B51589529F00C179CF /* Debug */,
				EF5DA0B61589529F00C179CF /* Release */,
			);
			defaultConfigurationIsVisible = 0;
		};
/* End XCConfigurationList section */
	};
	rootObject = EF5DA08A1589529F00C179CF /* Project object */;
}
